
Microsoft Visual Studio Solution File, Format Version 12.00
# Visual Studio 15
VisualStudioVersion = 15.0.27703.2035
MinimumVisualStudioVersion = 10.0.40219.1
Project("{FAE04EC0-301F-11D3-BF4B-00C04F79EFBC}") = "BlackJackConsoleApp", "BlackJackConsoleApp\BlackJackConsoleApp.csproj", "{3C66EFA8-EA90-4074-9A1E-076DEE75E4D2}"
EndProject
Project("{FAE04EC0-301F-11D3-BF4B-00C04F79EFBC}") = "BlackJackEntity", "BlackJackEntity\BlackJackEntity.csproj", "{252680B3-1E9B-40F4-A5E4-EB8F3BAF4CD9}"
EndProject
Project("{FAE04EC0-301F-11D3-BF4B-00C04F79EFBC}") = "BlackJackServices", "BlackJackServices\BlackJackServices.csproj", "{1F237B7B-88A0-4409-AA81-E8E3EE61B016}"
EndProject
Project("{FAE04EC0-301F-11D3-BF4B-00C04F79EFBC}") = "BlackJackLogic", "BlackJackLogic\BlackJackLogic.csproj", "{3008DB2B-95F5-4F4D-86AB-85F6EAD3EC68}"
EndProject
Global
	GlobalSection(SolutionConfigurationPlatforms) = preSolution
		Debug|Any CPU = Debug|Any CPU
		Debug|ARM = Debug|ARM
		Debug|x64 = Debug|x64
		Debug|x86 = Debug|x86
		Release|Any CPU = Release|Any CPU
		Release|ARM = Release|ARM
		Release|x64 = Release|x64
		Release|x86 = Release|x86
	EndGlobalSection
	GlobalSection(ProjectConfigurationPlatforms) = postSolution
		{3C66EFA8-EA90-4074-9A1E-076DEE75E4D2}.Debug|Any CPU.ActiveCfg = Debug|Any CPU
		{3C66EFA8-EA90-4074-9A1E-076DEE75E4D2}.Debug|Any CPU.Build.0 = Debug|Any CPU
		{3C66EFA8-EA90-4074-9A1E-076DEE75E4D2}.Debug|ARM.ActiveCfg = Debug|Any CPU
		{3C66EFA8-EA90-4074-9A1E-076DEE75E4D2}.Debug|ARM.Build.0 = Debug|Any CPU
		{3C66EFA8-EA90-4074-9A1E-076DEE75E4D2}.Debug|x64.ActiveCfg = Debug|Any CPU
		{3C66EFA8-EA90-4074-9A1E-076DEE75E4D2}.Debug|x64.Build.0 = Debug|Any CPU
		{3C66EFA8-EA90-4074-9A1E-076DEE75E4D2}.Debug|x86.ActiveCfg = Debug|Any CPU
		{3C66EFA8-EA90-4074-9A1E-076DEE75E4D2}.Debug|x86.Build.0 = Debug|Any CPU
		{3C66EFA8-EA90-4074-9A1E-076DEE75E4D2}.Release|Any CPU.ActiveCfg = Release|Any CPU
		{3C66EFA8-EA90-4074-9A1E-076DEE75E4D2}.Release|Any CPU.Build.0 = Release|Any CPU
		{3C66EFA8-EA90-4074-9A1E-076DEE75E4D2}.Release|ARM.ActiveCfg = Release|Any CPU
		{3C66EFA8-EA90-4074-9A1E-076DEE75E4D2}.Release|ARM.Build.0 = Release|Any CPU
		{3C66EFA8-EA90-4074-9A1E-076DEE75E4D2}.Release|x64.ActiveCfg = Release|Any CPU
		{3C66EFA8-EA90-4074-9A1E-076DEE75E4D2}.Release|x64.Build.0 = Release|Any CPU
		{3C66EFA8-EA90-4074-9A1E-076DEE75E4D2}.Release|x86.ActiveCfg = Release|Any CPU
		{3C66EFA8-EA90-4074-9A1E-076DEE75E4D2}.Release|x86.Build.0 = Release|Any CPU
		{252680B3-1E9B-40F4-A5E4-EB8F3BAF4CD9}.Debug|Any CPU.ActiveCfg = Debug|Any CPU
		{252680B3-1E9B-40F4-A5E4-EB8F3BAF4CD9}.Debug|Any CPU.Build.0 = Debug|Any CPU
		{252680B3-1E9B-40F4-A5E4-EB8F3BAF4CD9}.Debug|ARM.ActiveCfg = Debug|Any CPU
		{252680B3-1E9B-40F4-A5E4-EB8F3BAF4CD9}.Debug|ARM.Build.0 = Debug|Any CPU
		{252680B3-1E9B-40F4-A5E4-EB8F3BAF4CD9}.Debug|x64.ActiveCfg = Debug|Any CPU
		{252680B3-1E9B-40F4-A5E4-EB8F3BAF4CD9}.Debug|x64.Build.0 = Debug|Any CPU
		{252680B3-1E9B-40F4-A5E4-EB8F3BAF4CD9}.Debug|x86.ActiveCfg = Debug|Any CPU
		{252680B3-1E9B-40F4-A5E4-EB8F3BAF4CD9}.Debug|x86.Build.0 = Debug|Any CPU
		{252680B3-1E9B-40F4-A5E4-EB8F3BAF4CD9}.Release|Any CPU.ActiveCfg = Release|Any CPU
		{252680B3-1E9B-40F4-A5E4-EB8F3BAF4CD9}.Release|Any CPU.Build.0 = Release|Any CPU
		{252680B3-1E9B-40F4-A5E4-EB8F3BAF4CD9}.Release|ARM.ActiveCfg = Release|Any CPU
		{252680B3-1E9B-40F4-A5E4-EB8F3BAF4CD9}.Release|ARM.Build.0 = Release|Any CPU
		{252680B3-1E9B-40F4-A5E4-EB8F3BAF4CD9}.Release|x64.ActiveCfg = Release|Any CPU
		{252680B3-1E9B-40F4-A5E4-EB8F3BAF4CD9}.Release|x64.Build.0 = Release|Any CPU
		{252680B3-1E9B-40F4-A5E4-EB8F3BAF4CD9}.Release|x86.ActiveCfg = Release|Any CPU
		{252680B3-1E9B-40F4-A5E4-EB8F3BAF4CD9}.Release|x86.Build.0 = Release|Any CPU
		{1F237B7B-88A0-4409-AA81-E8E3EE61B016}.Debug|Any CPU.ActiveCfg = Debug|Any CPU
		{1F237B7B-88A0-4409-AA81-E8E3EE61B016}.Debug|Any CPU.Build.0 = Debug|Any CPU
		{1F237B7B-88A0-4409-AA81-E8E3EE61B016}.Debug|ARM.ActiveCfg = Debug|Any CPU
		{1F237B7B-88A0-4409-AA81-E8E3EE61B016}.Debug|ARM.Build.0 = Debug|Any CPU
		{1F237B7B-88A0-4409-AA81-E8E3EE61B016}.Debug|x64.ActiveCfg = Debug|Any CPU
		{1F237B7B-88A0-4409-AA81-E8E3EE61B016}.Debug|x64.Build.0 = Debug|Any CPU
		{1F237B7B-88A0-4409-AA81-E8E3EE61B016}.Debug|x86.ActiveCfg = Debug|Any CPU
		{1F237B7B-88A0-4409-AA81-E8E3EE61B016}.Debug|x86.Build.0 = Debug|Any CPU
		{1F237B7B-88A0-4409-AA81-E8E3EE61B016}.Release|Any CPU.ActiveCfg = Release|Any CPU
		{1F237B7B-88A0-4409-AA81-E8E3EE61B016}.Release|Any CPU.Build.0 = Release|Any CPU
		{1F237B7B-88A0-4409-AA81-E8E3EE61B016}.Release|ARM.ActiveCfg = Release|Any CPU
		{1F237B7B-88A0-4409-AA81-E8E3EE61B016}.Release|ARM.Build.0 = Release|Any CPU
		{1F237B7B-88A0-4409-AA81-E8E3EE61B016}.Release|x64.ActiveCfg = Release|Any CPU
		{1F237B7B-88A0-4409-AA81-E8E3EE61B016}.Release|x64.Build.0 = Release|Any CPU
		{1F237B7B-88A0-4409-AA81-E8E3EE61B016}.Release|x86.ActiveCfg = Release|Any CPU
		{1F237B7B-88A0-4409-AA81-E8E3EE61B016}.Release|x86.Build.0 = Release|Any CPU
		{3008DB2B-95F5-4F4D-86AB-85F6EAD3EC68}.Debug|Any CPU.ActiveCfg = Debug|Any CPU
		{3008DB2B-95F5-4F4D-86AB-85F6EAD3EC68}.Debug|Any CPU.Build.0 = Debug|Any CPU
		{3008DB2B-95F5-4F4D-86AB-85F6EAD3EC68}.Debug|ARM.ActiveCfg = Debug|Any CPU
		{3008DB2B-95F5-4F4D-86AB-85F6EAD3EC68}.Debug|ARM.Build.0 = Debug|Any CPU
		{3008DB2B-95F5-4F4D-86AB-85F6EAD3EC68}.Debug|x64.ActiveCfg = Debug|Any CPU
		{3008DB2B-95F5-4F4D-86AB-85F6EAD3EC68}.Debug|x64.Build.0 = Debug|Any CPU
		{3008DB2B-95F5-4F4D-86AB-85F6EAD3EC68}.Debug|x86.ActiveCfg = Debug|Any CPU
		{3008DB2B-95F5-4F4D-86AB-85F6EAD3EC68}.Debug|x86.Build.0 = Debug|Any CPU
		{3008DB2B-95F5-4F4D-86AB-85F6EAD3EC68}.Release|Any CPU.ActiveCfg = Release|Any CPU
		{3008DB2B-95F5-4F4D-86AB-85F6EAD3EC68}.Release|Any CPU.Build.0 = Release|Any CPU
		{3008DB2B-95F5-4F4D-86AB-85F6EAD3EC68}.Release|ARM.ActiveCfg = Release|Any CPU
		{3008DB2B-95F5-4F4D-86AB-85F6EAD3EC68}.Release|ARM.Build.0 = Release|Any CPU
		{3008DB2B-95F5-4F4D-86AB-85F6EAD3EC68}.Release|x64.ActiveCfg = Release|Any CPU
		{3008DB2B-95F5-4F4D-86AB-85F6EAD3EC68}.Release|x64.Build.0 = Release|Any CPU
		{3008DB2B-95F5-4F4D-86AB-85F6EAD3EC68}.Release|x86.ActiveCfg = Release|Any CPU
		{3008DB2B-95F5-4F4D-86AB-85F6EAD3EC68}.Release|x86.Build.0 = Release|Any CPU
	EndGlobalSection
	GlobalSection(SolutionProperties) = preSolution
		HideSolutionNode = FALSE
	EndGlobalSection
	GlobalSection(ExtensibilityGlobals) = postSolution
		SolutionGuid = {7EB4B9EA-2C5B-4898-ADAE-225C23AFB518}
	EndGlobalSection
EndGlobal
