{
  "requires": true,
  "lockfileVersion": 1,
  "dependencies": {
    "@swimlane/ngx-dnd": {
      "version": "5.0.1",
      "resolved": "https://registry.npmjs.org/@swimlane/ngx-dnd/-/ngx-dnd-5.0.1.tgz",
      "integrity": "sha512-51yniHq7oE9Znj+70kug8hDfyApiezDpX2VjxDTqUa6YYyGt5BC/UxDG7lkYtW5jU55WRIKgErtTLDl6BbxmEA==",
      "requires": {
        "tslib": "^1.9.0"
      }
    },
    "tslib": {
      "version": "1.9.3",
      "resolved": "https://registry.npmjs.org/tslib/-/tslib-1.9.3.tgz",
      "integrity": "sha512-4krF8scpejhaOgqzBEcGM7yDIEfi0/8+8zDRZhNZZ2kjmHJ4hv3zCbQWxoJGz1iw5U0Jl0nma13xzHXcncMavQ=="
    }
  }
}
